// !$*UTF8*$!
{
	archiveVersion = 1;
	classes = {
	};
	objectVersion = 46;
	objects = {

/* Begin PBXBuildFile section */
		C52D24101CDF279C00C35FDB /* main.m in Sources */ = {isa = PBXBuildFile; fileRef = C52D240F1CDF279C00C35FDB /* main.m */; };
		C52D24131CDF279C00C35FDB /* AppDelegate.m in Sources */ = {isa = PBXBuildFile; fileRef = C52D24121CDF279C00C35FDB /* AppDelegate.m */; };
		C52D24161CDF279C00C35FDB /* ViewController.m in Sources */ = {isa = PBXBuildFile; fileRef = C52D24151CDF279C00C35FDB /* ViewController.m */; };
		C52D24191CDF279C00C35FDB /* Main.storyboard in Resources */ = {isa = PBXBuildFile; fileRef = C52D24171CDF279C00C35FDB /* Main.storyboard */; };
		C52D241B1CDF279C00C35FDB /* Assets.xcassets in Resources */ = {isa = PBXBuildFile; fileRef = C52D241A1CDF279C00C35FDB /* Assets.xcassets */; };
		C52D241E1CDF279C00C35FDB /* LaunchScreen.storyboard in Resources */ = {isa = PBXBuildFile; fileRef = C52D241C1CDF279C00C35FDB /* LaunchScreen.storyboard */; };
		C52D24281CDF27BD00C35FDB /* readFromLevel.metal in Sources */ = {isa = PBXBuildFile; fileRef = C52D24251CDF27BD00C35FDB /* readFromLevel.metal */; };
		C52D24291CDF27BD00C35FDB /* MetalTests.m in Sources */ = {isa = PBXBuildFile; fileRef = C52D24271CDF27BD00C35FDB /* MetalTests.m */; };
/* End PBXBuildFile section */

/* Begin PBXFileReference section */
		C52D240B1CDF279C00C35FDB /* FinalTest.app */ = {isa = PBXFileReference; explicitFileType = wrapper.application; includeInIndex = 0; path = FinalTest.app; sourceTree = BUILT_PRODUCTS_DIR; };
		C52D240F1CDF279C00C35FDB /* main.m */ = {isa = PBXFileReference; lastKnownFileType = sourcecode.c.objc; path = main.m; sourceTree = "<group>"; };
		C52D24111CDF279C00C35FDB /* AppDelegate.h */ = {isa = PBXFileReference; lastKnownFileType = sourcecode.c.h; path = AppDelegate.h; sourceTree = "<group>"; };
		C52D24121CDF279C00C35FDB /* AppDelegate.m */ = {isa = PBXFileReference; lastKnownFileType = sourcecode.c.objc; path = AppDelegate.m; sourceTree = "<group>"; };
		C52D24141CDF279C00C35FDB /* ViewController.h */ = {isa = PBXFileReference; lastKnownFileType = sourcecode.c.h; path = ViewController.h; sourceTree = "<group>"; };
		C52D24151CDF279C00C35FDB /* ViewController.m */ = {isa = PBXFileReference; lastKnownFileType = sourcecode.c.objc; path = ViewController.m; sourceTree = "<group>"; };
		C52D24181CDF279C00C35FDB /* Base */ = {isa = PBXFileReference; lastKnownFileType = file.storyboard; name = Base; path = Base.lproj/Main.storyboard; sourceTree = "<group>"; };
		C52D241A1CDF279C00C35FDB /* Assets.xcassets */ = {isa = PBXFileReference; lastKnownFileType = folder.assetcatalog; path = Assets.xcassets; sourceTree = "<group>"; };
		C52D241D1CDF279C00C35FDB /* Base */ = {isa = PBXFileReference; lastKnownFileType = file.storyboard; name = Base; path = Base.lproj/LaunchScreen.storyboard; sourceTree = "<group>"; };
		C52D241F1CDF279C00C35FDB /* Info.plist */ = {isa = PBXFileReference; lastKnownFileType = text.plist.xml; path = Info.plist; sourceTree = "<group>"; };
		C52D24251CDF27BD00C35FDB /* readFromLevel.metal */ = {isa = PBXFileReference; fileEncoding = 4; lastKnownFileType = sourcecode.metal; path = readFromLevel.metal; sourceTree = "<group>"; };
		C52D24261CDF27BD00C35FDB /* MetalTests.h */ = {isa = PBXFileReference; fileEncoding = 4; lastKnownFileType = sourcecode.c.h; path = MetalTests.h; sourceTree = "<group>"; };
		C52D24271CDF27BD00C35FDB /* MetalTests.m */ = {isa = PBXFileReference; fileEncoding = 4; lastKnownFileType = sourcecode.c.objc; path = MetalTests.m; sourceTree = "<group>"; };
/* End PBXFileReference section */

/* Begin PBXFrameworksBuildPhase section */
		C52D24081CDF279C00C35FDB /* Frameworks */ = {
			isa = PBXFrameworksBuildPhase;
			buildActionMask = 2147483647;
			files = (
			);
			runOnlyForDeploymentPostprocessing = 0;
		};
/* End PBXFrameworksBuildPhase section */

/* Begin PBXGroup section */
		C52D24021CDF279C00C35FDB = {
			isa = PBXGroup;
			children = (
				C52D240D1CDF279C00C35FDB /* FinalTest */,
				C52D240C1CDF279C00C35FDB /* Products */,
			);
			sourceTree = "<group>";
		};
		C52D240C1CDF279C00C35FDB /* Products */ = {
			isa = PBXGroup;
			children = (
				C52D240B1CDF279C00C35FDB /* FinalTest.app */,
			);
			name = Products;
			sourceTree = "<group>";
		};
		C52D240D1CDF279C00C35FDB /* FinalTest */ = {
			isa = PBXGroup;
			children = (
				C52D24251CDF27BD00C35FDB /* readFromLevel.metal */,
				C52D24261CDF27BD00C35FDB /* MetalTests.h */,
				C52D24271CDF27BD00C35FDB /* MetalTests.m */,
				C52D24111CDF279C00C35FDB /* AppDelegate.h */,
				C52D24121CDF279C00C35FDB /* AppDelegate.m */,
				C52D24141CDF279C00C35FDB /* ViewController.h */,
				C52D24151CDF279C00C35FDB /* ViewController.m */,
				C52D24171CDF279C00C35FDB /* Main.storyboard */,
				C52D241A1CDF279C00C35FDB /* Assets.xcassets */,
				C52D241C1CDF279C00C35FDB /* LaunchScreen.storyboard */,
				C52D241F1CDF279C00C35FDB /* Info.plist */,
				C52D240E1CDF279C00C35FDB /* Supporting Files */,
			);
			path = FinalTest;
			sourceTree = "<group>";
		};
		C52D240E1CDF279C00C35FDB /* Supporting Files */ = {
			isa = PBXGroup;
			children = (
				C52D240F1CDF279C00C35FDB /* main.m */,
			);
			name = "Supporting Files";
			sourceTree = "<group>";
		};
/* End PBXGroup section */

/* Begin PBXNativeTarget section */
		C52D240A1CDF279C00C35FDB /* FinalTest */ = {
			isa = PBXNativeTarget;
			buildConfigurationList = C52D24221CDF279C00C35FDB /* Build configuration list for PBXNativeTarget "FinalTest" */;
			buildPhases = (
				C52D24071CDF279C00C35FDB /* Sources */,
				C52D24081CDF279C00C35FDB /* Frameworks */,
				C52D24091CDF279C00C35FDB /* Resources */,
			);
			buildRules = (
			);
			dependencies = (
			);
			name = FinalTest;
			productName = FinalTest;
			productReference = C52D240B1CDF279C00C35FDB /* FinalTest.app */;
			productType = "com.apple.product-type.application";
		};
/* End PBXNativeTarget section */

/* Begin PBXProject section */
		C52D24031CDF279C00C35FDB /* Project object */ = {
			isa = PBXProject;
			attributes = {
				LastUpgradeCheck = 0730;
				ORGANIZATIONNAME = Lightricks;
				TargetAttributes = {
					C52D240A1CDF279C00C35FDB = {
						CreatedOnToolsVersion = 7.3.1;
					};
				};
			};
			buildConfigurationList = C52D24061CDF279C00C35FDB /* Build configuration list for PBXProject "FinalTest" */;
			compatibilityVersion = "Xcode 3.2";
			developmentRegion = English;
			hasScannedForEncodings = 0;
			knownRegions = (
				en,
				Base,
			);
			mainGroup = C52D24021CDF279C00C35FDB;
			productRefGroup = C52D240C1CDF279C00C35FDB /* Products */;
			projectDirPath = "";
			projectRoot = "";
			targets = (
				C52D240A1CDF279C00C35FDB /* FinalTest */,
			);
		};
/* End PBXProject section */

/* Begin PBXResourcesBuildPhase section */
		C52D24091CDF279C00C35FDB /* Resources */ = {
			isa = PBXResourcesBuildPhase;
			buildActionMask = 2147483647;
			files = (
				C52D241E1CDF279C00C35FDB /* LaunchScreen.storyboard in Resources */,
				C52D241B1CDF279C00C35FDB /* Assets.xcassets in Resources */,
				C52D24191CDF279C00C35FDB /* Main.storyboard in Resources */,
			);
			runOnlyForDeploymentPostprocessing = 0;
		};
/* End PBXResourcesBuildPhase section */

/* Begin PBXSourcesBuildPhase section */
		C52D24071CDF279C00C35FDB /* Sources */ = {
			isa = PBXSourcesBuildPhase;
			buildActionMask = 2147483647;
			files = (
				C52D24281CDF27BD00C35FDB /* readFromLevel.metal in Sources */,
				C52D24161CDF279C00C35FDB /* ViewController.m in Sources */,
				C52D24291CDF27BD00C35FDB /* MetalTests.m in Sources */,
				C52D24131CDF279C00C35FDB /* AppDelegate.m in Sources */,
				C52D24101CDF279C00C35FDB /* main.m in Sources */,
			);
			runOnlyForDeploymentPostprocessing = 0;
		};
/* End PBXSourcesBuildPhase section */

/* Begin PBXVariantGroup section */
		C52D24171CDF279C00C35FDB /* Main.storyboard */ = {
			isa = PBXVariantGroup;
			children = (
				C52D24181CDF279C00C35FDB /* Base */,
			);
			name = Main.storyboard;
			sourceTree = "<group>";
		};
		C52D241C1CDF279C00C35FDB /* LaunchScreen.storyboard */ = {
			isa = PBXVariantGroup;
			children = (
				C52D241D1CDF279C00C35FDB /* Base */,
			);
			name = LaunchScreen.storyboard;
			sourceTree = "<group>";
		};
/* End PBXVariantGroup section */

/* Begin XCBuildConfiguration section */
		C52D24201CDF279C00C35FDB /* Debug */ = {
			isa = XCBuildConfiguration;
			buildSettings = {
				ALWAYS_SEARCH_USER_PATHS = NO;
				CLANG_ANALYZER_NONNULL = YES;
				CLANG_CXX_LANGUAGE_STANDARD = "gnu++0x";
				CLANG_CXX_LIBRARY = "libc++";
				CLANG_ENABLE_MODULES = YES;
				CLANG_ENABLE_OBJC_ARC = YES;
				CLANG_WARN_BOOL_CONVERSION = YES;
				CLANG_WARN_CONSTANT_CONVERSION = YES;
				CLANG_WARN_DIRECT_OBJC_ISA_USAGE = YES_ERROR;
				CLANG_WARN_EMPTY_BODY = YES;
				CLANG_WARN_ENUM_CONVERSION = YES;
				CLANG_WARN_INT_CONVERSION = YES;
				CLANG_WARN_OBJC_ROOT_CLASS = YES_ERROR;
				CLANG_WARN_UNREACHABLE_CODE = YES;
				CLANG_WARN__DUPLICATE_METHOD_MATCH = YES;
				"CODE_SIGN_IDENTITY[sdk=iphoneos*]" = "iPhone Developer";
				COPY_PHASE_STRIP = NO;
				DEBUG_INFORMATION_FORMAT = dwarf;
				ENABLE_STRICT_OBJC_MSGSEND = YES;
				ENABLE_TESTABILITY = YES;
				GCC_C_LANGUAGE_STANDARD = gnu99;
				GCC_DYNAMIC_NO_PIC = NO;
				GCC_NO_COMMON_BLOCKS = YES;
				GCC_OPTIMIZATION_LEVEL = 0;
				GCC_PREPROCESSOR_DEFINITIONS = (
					"DEBUG=1",
					"$(inherited)",
				);
				GCC_WARN_64_TO_32_BIT_CONVERSION = YES;
				GCC_WARN_ABOUT_RETURN_TYPE = YES_ERROR;
				GCC_WARN_UNDECLARED_SELECTOR = YES;
				GCC_WARN_UNINITIALIZED_AUTOS = YES_AGGRESSIVE;
				GCC_WARN_UNUSED_FUNCTION = YES;
				GCC_WARN_UNUSED_VARIABLE = YES;
				IPHONEOS_DEPLOYMENT_TARGET = 9.3;
				MTL_ENABLE_DEBUG_INFO = YES;
				ONLY_ACTIVE_ARCH = YES;
				SDKROOT = iphoneos;
				TARGETED_DEVICE_FAMILY = "1,2";
			};
			name = Debug;
		};
		C52D24211CDF279C00C35FDB /* Release */ = {
			isa = XCBuildConfiguration;
			buildSettings = {
				ALWAYS_SEARCH_USER_PATHS = NO;
				CLANG_ANALYZER_NONNULL = YES;
				CLANG_CXX_LANGUAGE_STANDARD = "gnu++0x";
				CLANG_CXX_LIBRARY = "libc++";
				CLANG_ENABLE_MODULES = YES;
				CLANG_ENABLE_OBJC_ARC = YES;
				CLANG_WARN_BOOL_CONVERSION = YES;
				CLANG_WARN_CONSTANT_CONVERSION = YES;
				CLANG_WARN_DIRECT_OBJC_ISA_USAGE = YES_ERROR;
				CLANG_WARN_EMPTY_BODY = YES;
				CLANG_WARN_ENUM_CONVERSION = YES;
				CLANG_WARN_INT_CONVERSION = YES;
				CLANG_WARN_OBJC_ROOT_CLASS = YES_ERROR;
				CLANG_WARN_UNREACHABLE_CODE = YES;
				CLANG_WARN__DUPLICATE_METHOD_MATCH = YES;
				"CODE_SIGN_IDENTITY[sdk=iphoneos*]" = "iPhone Developer";
				COPY_PHASE_STRIP = NO;
				DEBUG_INFORMATION_FORMAT = "dwarf-with-dsym";
				ENABLE_NS_ASSERTIONS = NO;
				ENABLE_STRICT_OBJC_MSGSEND = YES;
				GCC_C_LANGUAGE_STANDARD = gnu99;
				GCC_NO_COMMON_BLOCKS = YES;
				GCC_WARN_64_TO_32_BIT_CONVERSION = YES;
				GCC_WARN_ABOUT_RETURN_TYPE = YES_ERROR;
				GCC_WARN_UNDECLARED_SELECTOR = YES;
				GCC_WARN_UNINITIALIZED_AUTOS = YES_AGGRESSIVE;
				GCC_WARN_UNUSED_FUNCTION = YES;
				GCC_WARN_UNUSED_VARIABLE = YES;
				IPHONEOS_DEPLOYMENT_TARGET = 9.3;
				MTL_ENABLE_DEBUG_INFO = NO;
				SDKROOT = iphoneos;
				TARGETED_DEVICE_FAMILY = "1,2";
				VALIDATE_PRODUCT = YES;
			};
			name = Release;
		};
		C52D24231CDF279C00C35FDB /* Debug */ = {
			isa = XCBuildConfiguration;
			buildSettings = {
				ASSETCATALOG_COMPILER_APPICON_NAME = AppIcon;
				INFOPLIST_FILE = FinalTest/Info.plist;
				IPHONEOS_DEPLOYMENT_TARGET = 9.1;
				LD_RUNPATH_SEARCH_PATHS = "$(inherited) @executable_path/Frameworks";
				PRODUCT_BUNDLE_IDENTIFIER = ofer.lightricks.FinalTest;
				PRODUCT_NAME = "$(TARGET_NAME)";
			};
			name = Debug;
		};
		C52D24241CDF279C00C35FDB /* Release */ = {
			isa = XCBuildConfiguration;
			buildSettings = {
				ASSETCATALOG_COMPILER_APPICON_NAME = AppIcon;
				INFOPLIST_FILE = FinalTest/Info.plist;
				IPHONEOS_DEPLOYMENT_TARGET = 9.1;
				LD_RUNPATH_SEARCH_PATHS = "$(inherited) @executable_path/Frameworks";
				PRODUCT_BUNDLE_IDENTIFIER = ofer.lightricks.FinalTest;
				PRODUCT_NAME = "$(TARGET_NAME)";
			};
			name = Release;
		};
/* End XCBuildConfiguration section */

/* Begin XCConfigurationList section */
		C52D24061CDF279C00C35FDB /* Build configuration list for PBXProject "FinalTest" */ = {
			isa = XCConfigurationList;
			buildConfigurations = (
				C52D24201CDF279C00C35FDB /* Debug */,
				C52D24211CDF279C00C35FDB /* Release */,
			);
			defaultConfigurationIsVisible = 0;
			defaultConfigurationName = Release;
		};
		C52D24221CDF279C00C35FDB /* Build configuration list for PBXNativeTarget "FinalTest" */ = {
			isa = XCConfigurationList;
			buildConfigurations = (
				C52D24231CDF279C00C35FDB /* Debug */,
				C52D24241CDF279C00C35FDB /* Release */,
			);
			defaultConfigurationIsVisible = 0;
		};
/* End XCConfigurationList section */
	};
	rootObject = C52D24031CDF279C00C35FDB /* Project object */;
}
